
Microsoft Visual Studio Solution File, Format Version 11.00
# Visual Studio 2010
Project("{FAE04EC0-301F-11D3-BF4B-00C04F79EFBC}") = "Credito", "Credito\Credito.csproj", "{BCACE9AE-0797-4C41-B062-B8714B5FEEAD}"
EndProject
Project("{FAE04EC0-301F-11D3-BF4B-00C04F79EFBC}") = "SimulaAprovaCred", "SimulaAprovaCred\SimulaAprovaCred.csproj", "{E6CB2EBB-8253-459E-B0BF-EAA3A8BEC18E}"
EndProject
Global
	GlobalSection(SolutionConfigurationPlatforms) = preSolution
		Debug|Any CPU = Debug|Any CPU
		Debug|Mixed Platforms = Debug|Mixed Platforms
		Debug|x86 = Debug|x86
		Release|Any CPU = Release|Any CPU
		Release|Mixed Platforms = Release|Mixed Platforms
		Release|x86 = Release|x86
	EndGlobalSection
	GlobalSection(ProjectConfigurationPlatforms) = postSolution
		{BCACE9AE-0797-4C41-B062-B8714B5FEEAD}.Debug|Any CPU.ActiveCfg = Debug|Any CPU
		{BCACE9AE-0797-4C41-B062-B8714B5FEEAD}.Debug|Any CPU.Build.0 = Debug|Any CPU
		{BCACE9AE-0797-4C41-B062-B8714B5FEEAD}.Debug|Mixed Platforms.ActiveCfg = Debug|Any CPU
		{BCACE9AE-0797-4C41-B062-B8714B5FEEAD}.Debug|Mixed Platforms.Build.0 = Debug|Any CPU
		{BCACE9AE-0797-4C41-B062-B8714B5FEEAD}.Debug|x86.ActiveCfg = Debug|Any CPU
		{BCACE9AE-0797-4C41-B062-B8714B5FEEAD}.Release|Any CPU.ActiveCfg = Release|Any CPU
		{BCACE9AE-0797-4C41-B062-B8714B5FEEAD}.Release|Any CPU.Build.0 = Release|Any CPU
		{BCACE9AE-0797-4C41-B062-B8714B5FEEAD}.Release|Mixed Platforms.ActiveCfg = Release|Any CPU
		{BCACE9AE-0797-4C41-B062-B8714B5FEEAD}.Release|Mixed Platforms.Build.0 = Release|Any CPU
		{BCACE9AE-0797-4C41-B062-B8714B5FEEAD}.Release|x86.ActiveCfg = Release|Any CPU
		{E6CB2EBB-8253-459E-B0BF-EAA3A8BEC18E}.Debug|Any CPU.ActiveCfg = Debug|x86
		{E6CB2EBB-8253-459E-B0BF-EAA3A8BEC18E}.Debug|Mixed Platforms.ActiveCfg = Debug|x86
		{E6CB2EBB-8253-459E-B0BF-EAA3A8BEC18E}.Debug|Mixed Platforms.Build.0 = Debug|x86
		{E6CB2EBB-8253-459E-B0BF-EAA3A8BEC18E}.Debug|x86.ActiveCfg = Debug|x86
		{E6CB2EBB-8253-459E-B0BF-EAA3A8BEC18E}.Debug|x86.Build.0 = Debug|x86
		{E6CB2EBB-8253-459E-B0BF-EAA3A8BEC18E}.Release|Any CPU.ActiveCfg = Release|x86
		{E6CB2EBB-8253-459E-B0BF-EAA3A8BEC18E}.Release|Mixed Platforms.ActiveCfg = Release|x86
		{E6CB2EBB-8253-459E-B0BF-EAA3A8BEC18E}.Release|Mixed Platforms.Build.0 = Release|x86
		{E6CB2EBB-8253-459E-B0BF-EAA3A8BEC18E}.Release|x86.ActiveCfg = Release|x86
		{E6CB2EBB-8253-459E-B0BF-EAA3A8BEC18E}.Release|x86.Build.0 = Release|x86
	EndGlobalSection
	GlobalSection(SolutionProperties) = preSolution
		HideSolutionNode = FALSE
	EndGlobalSection
EndGlobal
